PODS:
  - BEMCheckBox (1.4.1)
  - boost (1.76.0)
  - BVLinearGradient (2.6.2):
    - React-Core
  - CocoaAsyncSocket (7.6.5)
  - DoubleConversion (1.1.6)
  - FBLazyVector (0.69.7)
  - FBReactNativeSpec (0.69.7):
    - RCT-Folly (= 2021.06.28.00-v2)
    - RCTRequired (= 0.69.7)
    - RCTTypeSafety (= 0.69.7)
    - React-Core (= 0.69.7)
    - React-jsi (= 0.69.7)
    - ReactCommon/turbomodule/core (= 0.69.7)
  - Flipper (0.125.0):
    - Flipper-Folly (~> 2.6)
    - Flipper-RSocket (~> 1.4)
  - Flipper-Boost-iOSX (1.76.0.1.11)
  - Flipper-DoubleConversion (3.2.0.1)
  - Flipper-Fmt (7.1.7)
  - Flipper-Folly (2.6.10):
    - Flipper-Boost-iOSX
    - Flipper-DoubleConversion
    - Flipper-Fmt (= 7.1.7)
    - Flipper-Glog
    - libevent (~> 2.1.12)
    - OpenSSL-Universal (= 1.1.1100)
  - Flipper-Glog (0.5.0.5)
  - Flipper-PeerTalk (0.0.4)
  - Flipper-RSocket (1.4.3):
    - Flipper-Folly (~> 2.6)
  - FlipperKit (0.125.0):
    - FlipperKit/Core (= 0.125.0)
  - FlipperKit/Core (0.125.0):
    - Flipper (~> 0.125.0)
    - FlipperKit/CppBridge
    - FlipperKit/FBCxxFollyDynamicConvert
    - FlipperKit/FBDefines
    - FlipperKit/FKPortForwarding
    - SocketRocket (~> 0.6.0)
  - FlipperKit/CppBridge (0.125.0):
    - Flipper (~> 0.125.0)
  - FlipperKit/FBCxxFollyDynamicConvert (0.125.0):
    - Flipper-Folly (~> 2.6)
  - FlipperKit/FBDefines (0.125.0)
  - FlipperKit/FKPortForwarding (0.125.0):
    - CocoaAsyncSocket (~> 7.6)
    - Flipper-PeerTalk (~> 0.0.4)
  - FlipperKit/FlipperKitHighlightOverlay (0.125.0)
  - FlipperKit/FlipperKitLayoutHelpers (0.125.0):
    - FlipperKit/Core
    - FlipperKit/FlipperKitHighlightOverlay
    - FlipperKit/FlipperKitLayoutTextSearchable
  - FlipperKit/FlipperKitLayoutIOSDescriptors (0.125.0):
    - FlipperKit/Core
    - FlipperKit/FlipperKitHighlightOverlay
    - FlipperKit/FlipperKitLayoutHelpers
    - YogaKit (~> 1.18)
  - FlipperKit/FlipperKitLayoutPlugin (0.125.0):
    - FlipperKit/Core
    - FlipperKit/FlipperKitHighlightOverlay
    - FlipperKit/FlipperKitLayoutHelpers
    - FlipperKit/FlipperKitLayoutIOSDescriptors
    - FlipperKit/FlipperKitLayoutTextSearchable
    - YogaKit (~> 1.18)
  - FlipperKit/FlipperKitLayoutTextSearchable (0.125.0)
  - FlipperKit/FlipperKitNetworkPlugin (0.125.0):
    - FlipperKit/Core
  - FlipperKit/FlipperKitReactPlugin (0.125.0):
    - FlipperKit/Core
  - FlipperKit/FlipperKitUserDefaultsPlugin (0.125.0):
    - FlipperKit/Core
  - FlipperKit/SKIOSNetworkPlugin (0.125.0):
    - FlipperKit/Core
    - FlipperKit/FlipperKitNetworkPlugin
  - fmt (6.2.1)
  - Giphy (2.1.20):
    - libwebp
  - glog (0.3.5)
  - JitsiMeetSDK (5.1.1):
    - Giphy (= 2.1.20)
    - JitsiWebRTC (= 100.0.0)
  - JitsiWebRTC (100.0.0)
  - libevent (2.1.12)
  - libwebp (1.2.4):
    - libwebp/demux (= 1.2.4)
    - libwebp/mux (= 1.2.4)
    - libwebp/webp (= 1.2.4)
  - libwebp/demux (1.2.4):
    - libwebp/webp
  - libwebp/mux (1.2.4):
    - libwebp/demux
  - libwebp/webp (1.2.4)
  - NVActivityIndicatorView (5.1.1):
    - NVActivityIndicatorView/Base (= 5.1.1)
  - NVActivityIndicatorView/Base (5.1.1)
  - OpenSSL-Universal (1.1.1100)
  - razorpay-pod (1.3.0)
  - RCT-Folly (2021.06.28.00-v2):
    - boost
    - DoubleConversion
    - fmt (~> 6.2.1)
    - glog
    - RCT-Folly/Default (= 2021.06.28.00-v2)
  - RCT-Folly/Default (2021.06.28.00-v2):
    - boost
    - DoubleConversion
    - fmt (~> 6.2.1)
    - glog
  - RCTRequired (0.69.7)
  - RCTTypeSafety (0.69.7):
    - FBLazyVector (= 0.69.7)
    - RCTRequired (= 0.69.7)
    - React-Core (= 0.69.7)
  - React (0.69.7):
    - React-Core (= 0.69.7)
    - React-Core/DevSupport (= 0.69.7)
    - React-Core/RCTWebSocket (= 0.69.7)
    - React-RCTActionSheet (= 0.69.7)
    - React-RCTAnimation (= 0.69.7)
    - React-RCTBlob (= 0.69.7)
    - React-RCTImage (= 0.69.7)
    - React-RCTLinking (= 0.69.7)
    - React-RCTNetwork (= 0.69.7)
    - React-RCTSettings (= 0.69.7)
    - React-RCTText (= 0.69.7)
    - React-RCTVibration (= 0.69.7)
  - React-bridging (0.69.7):
    - RCT-Folly (= 2021.06.28.00-v2)
    - React-jsi (= 0.69.7)
  - React-callinvoker (0.69.7)
  - React-Codegen (0.69.7):
    - FBReactNativeSpec (= 0.69.7)
    - RCT-Folly (= 2021.06.28.00-v2)
    - RCTRequired (= 0.69.7)
    - RCTTypeSafety (= 0.69.7)
    - React-Core (= 0.69.7)
    - React-jsi (= 0.69.7)
    - React-jsiexecutor (= 0.69.7)
    - ReactCommon/turbomodule/core (= 0.69.7)
  - React-Core (0.69.7):
    - glog
    - RCT-Folly (= 2021.06.28.00-v2)
    - React-Core/Default (= 0.69.7)
    - React-cxxreact (= 0.69.7)
    - React-jsi (= 0.69.7)
    - React-jsiexecutor (= 0.69.7)
    - React-perflogger (= 0.69.7)
    - Yoga
  - React-Core/CoreModulesHeaders (0.69.7):
    - glog
    - RCT-Folly (= 2021.06.28.00-v2)
    - React-Core/Default
    - React-cxxreact (= 0.69.7)
    - React-jsi (= 0.69.7)
    - React-jsiexecutor (= 0.69.7)
    - React-perflogger (= 0.69.7)
    - Yoga
  - React-Core/Default (0.69.7):
    - glog
    - RCT-Folly (= 2021.06.28.00-v2)
    - React-cxxreact (= 0.69.7)
    - React-jsi (= 0.69.7)
    - React-jsiexecutor (= 0.69.7)
    - React-perflogger (= 0.69.7)
    - Yoga
  - React-Core/DevSupport (0.69.7):
    - glog
    - RCT-Folly (= 2021.06.28.00-v2)
    - React-Core/Default (= 0.69.7)
    - React-Core/RCTWebSocket (= 0.69.7)
    - React-cxxreact (= 0.69.7)
    - React-jsi (= 0.69.7)
    - React-jsiexecutor (= 0.69.7)
    - React-jsinspector (= 0.69.7)
    - React-perflogger (= 0.69.7)
    - Yoga
  - React-Core/RCTActionSheetHeaders (0.69.7):
    - glog
    - RCT-Folly (= 2021.06.28.00-v2)
    - React-Core/Default
    - React-cxxreact (= 0.69.7)
    - React-jsi (= 0.69.7)
    - React-jsiexecutor (= 0.69.7)
    - React-perflogger (= 0.69.7)
    - Yoga
  - React-Core/RCTAnimationHeaders (0.69.7):
    - glog
    - RCT-Folly (= 2021.06.28.00-v2)
    - React-Core/Default
    - React-cxxreact (= 0.69.7)
    - React-jsi (= 0.69.7)
    - React-jsiexecutor (= 0.69.7)
    - React-perflogger (= 0.69.7)
    - Yoga
  - React-Core/RCTBlobHeaders (0.69.7):
    - glog
    - RCT-Folly (= 2021.06.28.00-v2)
    - React-Core/Default
    - React-cxxreact (= 0.69.7)
    - React-jsi (= 0.69.7)
    - React-jsiexecutor (= 0.69.7)
    - React-perflogger (= 0.69.7)
    - Yoga
  - React-Core/RCTImageHeaders (0.69.7):
    - glog
    - RCT-Folly (= 2021.06.28.00-v2)
    - React-Core/Default
    - React-cxxreact (= 0.69.7)
    - React-jsi (= 0.69.7)
    - React-jsiexecutor (= 0.69.7)
    - React-perflogger (= 0.69.7)
    - Yoga
  - React-Core/RCTLinkingHeaders (0.69.7):
    - glog
    - RCT-Folly (= 2021.06.28.00-v2)
    - React-Core/Default
    - React-cxxreact (= 0.69.7)
    - React-jsi (= 0.69.7)
    - React-jsiexecutor (= 0.69.7)
    - React-perflogger (= 0.69.7)
    - Yoga
  - React-Core/RCTNetworkHeaders (0.69.7):
    - glog
    - RCT-Folly (= 2021.06.28.00-v2)
    - React-Core/Default
    - React-cxxreact (= 0.69.7)
    - React-jsi (= 0.69.7)
    - React-jsiexecutor (= 0.69.7)
    - React-perflogger (= 0.69.7)
    - Yoga
  - React-Core/RCTSettingsHeaders (0.69.7):
    - glog
    - RCT-Folly (= 2021.06.28.00-v2)
    - React-Core/Default
    - React-cxxreact (= 0.69.7)
    - React-jsi (= 0.69.7)
    - React-jsiexecutor (= 0.69.7)
    - React-perflogger (= 0.69.7)
    - Yoga
  - React-Core/RCTTextHeaders (0.69.7):
    - glog
    - RCT-Folly (= 2021.06.28.00-v2)
    - React-Core/Default
    - React-cxxreact (= 0.69.7)
    - React-jsi (= 0.69.7)
    - React-jsiexecutor (= 0.69.7)
    - React-perflogger (= 0.69.7)
    - Yoga
  - React-Core/RCTVibrationHeaders (0.69.7):
    - glog
    - RCT-Folly (= 2021.06.28.00-v2)
    - React-Core/Default
    - React-cxxreact (= 0.69.7)
    - React-jsi (= 0.69.7)
    - React-jsiexecutor (= 0.69.7)
    - React-perflogger (= 0.69.7)
    - Yoga
  - React-Core/RCTWebSocket (0.69.7):
    - glog
    - RCT-Folly (= 2021.06.28.00-v2)
    - React-Core/Default (= 0.69.7)
    - React-cxxreact (= 0.69.7)
    - React-jsi (= 0.69.7)
    - React-jsiexecutor (= 0.69.7)
    - React-perflogger (= 0.69.7)
    - Yoga
  - React-CoreModules (0.69.7):
    - RCT-Folly (= 2021.06.28.00-v2)
    - RCTTypeSafety (= 0.69.7)
    - React-Codegen (= 0.69.7)
    - React-Core/CoreModulesHeaders (= 0.69.7)
    - React-jsi (= 0.69.7)
    - React-RCTImage (= 0.69.7)
    - ReactCommon/turbomodule/core (= 0.69.7)
  - React-cxxreact (0.69.7):
    - boost (= 1.76.0)
    - DoubleConversion
    - glog
    - RCT-Folly (= 2021.06.28.00-v2)
    - React-callinvoker (= 0.69.7)
    - React-jsi (= 0.69.7)
    - React-jsinspector (= 0.69.7)
    - React-logger (= 0.69.7)
    - React-perflogger (= 0.69.7)
    - React-runtimeexecutor (= 0.69.7)
  - React-jsi (0.69.7):
    - boost (= 1.76.0)
    - DoubleConversion
    - glog
    - RCT-Folly (= 2021.06.28.00-v2)
    - React-jsi/Default (= 0.69.7)
  - React-jsi/Default (0.69.7):
    - boost (= 1.76.0)
    - DoubleConversion
    - glog
    - RCT-Folly (= 2021.06.28.00-v2)
  - React-jsiexecutor (0.69.7):
    - DoubleConversion
    - glog
    - RCT-Folly (= 2021.06.28.00-v2)
    - React-cxxreact (= 0.69.7)
    - React-jsi (= 0.69.7)
    - React-perflogger (= 0.69.7)
  - React-jsinspector (0.69.7)
  - React-logger (0.69.7):
    - glog
  - react-native-geolocation (3.0.4):
    - React-Core
  - react-native-geolocation-service (5.3.1):
    - React
  - react-native-jitsi-meet (2.3.1):
    - JitsiMeetSDK (= 5.1.1)
    - React
  - react-native-loader-kit (2.0.1):
    - NVActivityIndicatorView (= 5.1.1)
    - React-Core
  - react-native-netinfo (9.3.7):
    - React-Core
  - react-native-pager-view (6.1.2):
    - React-Core
  - react-native-razorpay (2.3.0):
    - razorpay-pod
    - React
  - react-native-safe-area-context (3.1.9):
    - React-Core
  - react-native-simple-toast (1.1.4):
    - React-Core
    - Toast (~> 4.0.0)
  - react-native-video (5.2.1):
    - React-Core
    - react-native-video/Video (= 5.2.1)
  - react-native-video/Video (5.2.1):
    - React-Core
  - react-native-webview (11.26.0):
    - React-Core
  - React-perflogger (0.69.7)
  - React-RCTActionSheet (0.69.7):
    - React-Core/RCTActionSheetHeaders (= 0.69.7)
  - React-RCTAnimation (0.69.7):
    - RCT-Folly (= 2021.06.28.00-v2)
    - RCTTypeSafety (= 0.69.7)
    - React-Codegen (= 0.69.7)
    - React-Core/RCTAnimationHeaders (= 0.69.7)
    - React-jsi (= 0.69.7)
    - ReactCommon/turbomodule/core (= 0.69.7)
  - React-RCTBlob (0.69.7):
    - RCT-Folly (= 2021.06.28.00-v2)
    - React-Codegen (= 0.69.7)
    - React-Core/RCTBlobHeaders (= 0.69.7)
    - React-Core/RCTWebSocket (= 0.69.7)
    - React-jsi (= 0.69.7)
    - React-RCTNetwork (= 0.69.7)
    - ReactCommon/turbomodule/core (= 0.69.7)
  - React-RCTImage (0.69.7):
    - RCT-Folly (= 2021.06.28.00-v2)
    - RCTTypeSafety (= 0.69.7)
    - React-Codegen (= 0.69.7)
    - React-Core/RCTImageHeaders (= 0.69.7)
    - React-jsi (= 0.69.7)
    - React-RCTNetwork (= 0.69.7)
    - ReactCommon/turbomodule/core (= 0.69.7)
  - React-RCTLinking (0.69.7):
    - React-Codegen (= 0.69.7)
    - React-Core/RCTLinkingHeaders (= 0.69.7)
    - React-jsi (= 0.69.7)
    - ReactCommon/turbomodule/core (= 0.69.7)
  - React-RCTNetwork (0.69.7):
    - RCT-Folly (= 2021.06.28.00-v2)
    - RCTTypeSafety (= 0.69.7)
    - React-Codegen (= 0.69.7)
    - React-Core/RCTNetworkHeaders (= 0.69.7)
    - React-jsi (= 0.69.7)
    - ReactCommon/turbomodule/core (= 0.69.7)
  - React-RCTSettings (0.69.7):
    - RCT-Folly (= 2021.06.28.00-v2)
    - RCTTypeSafety (= 0.69.7)
    - React-Codegen (= 0.69.7)
    - React-Core/RCTSettingsHeaders (= 0.69.7)
    - React-jsi (= 0.69.7)
    - ReactCommon/turbomodule/core (= 0.69.7)
  - React-RCTText (0.69.7):
    - React-Core/RCTTextHeaders (= 0.69.7)
  - React-RCTVibration (0.69.7):
    - RCT-Folly (= 2021.06.28.00-v2)
    - React-Codegen (= 0.69.7)
    - React-Core/RCTVibrationHeaders (= 0.69.7)
    - React-jsi (= 0.69.7)
    - ReactCommon/turbomodule/core (= 0.69.7)
  - React-runtimeexecutor (0.69.7):
    - React-jsi (= 0.69.7)
  - ReactCommon/turbomodule/core (0.69.7):
    - DoubleConversion
    - glog
    - RCT-Folly (= 2021.06.28.00-v2)
    - React-bridging (= 0.69.7)
    - React-callinvoker (= 0.69.7)
    - React-Core (= 0.69.7)
    - React-cxxreact (= 0.69.7)
    - React-jsi (= 0.69.7)
    - React-logger (= 0.69.7)
    - React-perflogger (= 0.69.7)
  - RNCAsyncStorage (1.17.11):
    - React-Core
  - RNCCheckbox (0.5.14):
    - BEMCheckBox (~> 1.4)
    - React-Core
  - RNCClipboard (1.11.1):
    - React-Core
  - RNDateTimePicker (6.7.1):
    - React-Core
  - RNGestureHandler (2.8.0):
    - React-Core
  - RNLocalize (2.2.4):
    - React-Core
  - RNScreens (3.18.2):
    - React-Core
    - React-RCTImage
  - RNSVG (12.1.0):
    - React
  - RNVectorIcons (9.2.0):
    - React-Core
  - SocketRocket (0.6.0)
  - Stripe (23.3.2):
    - StripeApplePay (= 23.3.2)
    - StripeCore (= 23.3.2)
    - StripePayments (= 23.3.2)
    - StripePaymentsUI (= 23.3.2)
    - StripeUICore (= 23.3.2)
  - stripe-react-native (0.23.1):
    - React-Core
    - Stripe (~> 23.3.0)
    - StripeApplePay (~> 23.3.0)
    - StripeFinancialConnections (~> 23.3.0)
    - StripePayments (~> 23.3.0)
    - StripePaymentSheet (~> 23.3.0)
    - StripePaymentsUI (~> 23.3.0)
  - StripeApplePay (23.3.2):
    - StripeCore (= 23.3.2)
  - StripeCore (23.3.2)
  - StripeFinancialConnections (23.3.2):
    - StripeCore (= 23.3.2)
    - StripeUICore (= 23.3.2)
  - StripePayments (23.3.2):
    - StripeCore (= 23.3.2)
    - StripePayments/Stripe3DS2 (= 23.3.2)
  - StripePayments/Stripe3DS2 (23.3.2):
    - StripeCore (= 23.3.2)
  - StripePaymentSheet (23.3.2):
    - StripeApplePay (= 23.3.2)
    - StripeCore (= 23.3.2)
    - StripePayments (= 23.3.2)
    - StripePaymentsUI (= 23.3.2)
  - StripePaymentsUI (23.3.2):
    - StripeCore (= 23.3.2)
    - StripePayments (= 23.3.2)
    - StripeUICore (= 23.3.2)
  - StripeUICore (23.3.2):
    - StripeCore (= 23.3.2)
  - Toast (4.0.0)
  - Yoga (1.14.0)
  - YogaKit (1.18.1):
    - Yoga (~> 1.14)

DEPENDENCIES:
  - boost (from `../node_modules/react-native/third-party-podspecs/boost.podspec`)
  - BVLinearGradient (from `../node_modules/react-native-linear-gradient`)
  - DoubleConversion (from `../node_modules/react-native/third-party-podspecs/DoubleConversion.podspec`)
  - FBLazyVector (from `../node_modules/react-native/Libraries/FBLazyVector`)
  - FBReactNativeSpec (from `../node_modules/react-native/React/FBReactNativeSpec`)
  - Flipper (= 0.125.0)
  - Flipper-Boost-iOSX (= 1.76.0.1.11)
  - Flipper-DoubleConversion (= 3.2.0.1)
  - Flipper-Fmt (= 7.1.7)
  - Flipper-Folly (= 2.6.10)
  - Flipper-Glog (= 0.5.0.5)
  - Flipper-PeerTalk (= 0.0.4)
  - Flipper-RSocket (= 1.4.3)
  - FlipperKit (= 0.125.0)
  - FlipperKit/Core (= 0.125.0)
  - FlipperKit/CppBridge (= 0.125.0)
  - FlipperKit/FBCxxFollyDynamicConvert (= 0.125.0)
  - FlipperKit/FBDefines (= 0.125.0)
  - FlipperKit/FKPortForwarding (= 0.125.0)
  - FlipperKit/FlipperKitHighlightOverlay (= 0.125.0)
  - FlipperKit/FlipperKitLayoutPlugin (= 0.125.0)
  - FlipperKit/FlipperKitLayoutTextSearchable (= 0.125.0)
  - FlipperKit/FlipperKitNetworkPlugin (= 0.125.0)
  - FlipperKit/FlipperKitReactPlugin (= 0.125.0)
  - FlipperKit/FlipperKitUserDefaultsPlugin (= 0.125.0)
  - FlipperKit/SKIOSNetworkPlugin (= 0.125.0)
  - glog (from `../node_modules/react-native/third-party-podspecs/glog.podspec`)
  - OpenSSL-Universal (= 1.1.1100)
  - RCT-Folly (from `../node_modules/react-native/third-party-podspecs/RCT-Folly.podspec`)
  - RCTRequired (from `../node_modules/react-native/Libraries/RCTRequired`)
  - RCTTypeSafety (from `../node_modules/react-native/Libraries/TypeSafety`)
  - React (from `../node_modules/react-native/`)
  - React-bridging (from `../node_modules/react-native/ReactCommon`)
  - React-callinvoker (from `../node_modules/react-native/ReactCommon/callinvoker`)
  - React-Codegen (from `build/generated/ios`)
  - React-Core (from `../node_modules/react-native/`)
  - React-Core/DevSupport (from `../node_modules/react-native/`)
  - React-Core/RCTWebSocket (from `../node_modules/react-native/`)
  - React-CoreModules (from `../node_modules/react-native/React/CoreModules`)
  - React-cxxreact (from `../node_modules/react-native/ReactCommon/cxxreact`)
  - React-jsi (from `../node_modules/react-native/ReactCommon/jsi`)
  - React-jsiexecutor (from `../node_modules/react-native/ReactCommon/jsiexecutor`)
  - React-jsinspector (from `../node_modules/react-native/ReactCommon/jsinspector`)
  - React-logger (from `../node_modules/react-native/ReactCommon/logger`)
  - "react-native-geolocation (from `../node_modules/@react-native-community/geolocation`)"
  - react-native-geolocation-service (from `../node_modules/react-native-geolocation-service`)
  - react-native-jitsi-meet (from `../node_modules/react-native-jitsi-meet`)
  - react-native-loader-kit (from `../node_modules/react-native-loader-kit`)
  - "react-native-netinfo (from `../node_modules/@react-native-community/netinfo`)"
  - react-native-pager-view (from `../node_modules/react-native-pager-view`)
  - react-native-razorpay (from `../node_modules/react-native-razorpay`)
  - react-native-safe-area-context (from `../node_modules/react-native-safe-area-context`)
  - react-native-simple-toast (from `../node_modules/react-native-simple-toast`)
  - react-native-video (from `../node_modules/react-native-video`)
  - react-native-webview (from `../node_modules/react-native-webview`)
  - React-perflogger (from `../node_modules/react-native/ReactCommon/reactperflogger`)
  - React-RCTActionSheet (from `../node_modules/react-native/Libraries/ActionSheetIOS`)
  - React-RCTAnimation (from `../node_modules/react-native/Libraries/NativeAnimation`)
  - React-RCTBlob (from `../node_modules/react-native/Libraries/Blob`)
  - React-RCTImage (from `../node_modules/react-native/Libraries/Image`)
  - React-RCTLinking (from `../node_modules/react-native/Libraries/LinkingIOS`)
  - React-RCTNetwork (from `../node_modules/react-native/Libraries/Network`)
  - React-RCTSettings (from `../node_modules/react-native/Libraries/Settings`)
  - React-RCTText (from `../node_modules/react-native/Libraries/Text`)
  - React-RCTVibration (from `../node_modules/react-native/Libraries/Vibration`)
  - React-runtimeexecutor (from `../node_modules/react-native/ReactCommon/runtimeexecutor`)
  - ReactCommon/turbomodule/core (from `../node_modules/react-native/ReactCommon`)
  - "RNCAsyncStorage (from `../node_modules/@react-native-async-storage/async-storage`)"
  - "RNCCheckbox (from `../node_modules/@react-native-community/checkbox`)"
  - "RNCClipboard (from `../node_modules/@react-native-clipboard/clipboard`)"
  - "RNDateTimePicker (from `../node_modules/@react-native-community/datetimepicker`)"
  - RNGestureHandler (from `../node_modules/react-native-gesture-handler`)
  - RNLocalize (from `../node_modules/react-native-localize`)
  - RNScreens (from `../node_modules/react-native-screens`)
  - RNSVG (from `../node_modules/react-native-svg`)
  - RNVectorIcons (from `../node_modules/react-native-vector-icons`)
  - "stripe-react-native (from `../node_modules/@stripe/stripe-react-native`)"
  - Yoga (from `../node_modules/react-native/ReactCommon/yoga`)

SPEC REPOS:
  trunk:
    - BEMCheckBox
    - CocoaAsyncSocket
    - Flipper
    - Flipper-Boost-iOSX
    - Flipper-DoubleConversion
    - Flipper-Fmt
    - Flipper-Folly
    - Flipper-Glog
    - Flipper-PeerTalk
    - Flipper-RSocket
    - FlipperKit
    - fmt
    - Giphy
    - JitsiMeetSDK
    - JitsiWebRTC
    - libevent
    - libwebp
    - NVActivityIndicatorView
    - OpenSSL-Universal
    - razorpay-pod
    - SocketRocket
    - Stripe
    - StripeApplePay
    - StripeCore
    - StripeFinancialConnections
    - StripePayments
    - StripePaymentSheet
    - StripePaymentsUI
    - StripeUICore
    - Toast
    - YogaKit

EXTERNAL SOURCES:
  boost:
    :podspec: "../node_modules/react-native/third-party-podspecs/boost.podspec"
  BVLinearGradient:
    :path: "../node_modules/react-native-linear-gradient"
  DoubleConversion:
    :podspec: "../node_modules/react-native/third-party-podspecs/DoubleConversion.podspec"
  FBLazyVector:
    :path: "../node_modules/react-native/Libraries/FBLazyVector"
  FBReactNativeSpec:
    :path: "../node_modules/react-native/React/FBReactNativeSpec"
  glog:
    :podspec: "../node_modules/react-native/third-party-podspecs/glog.podspec"
  RCT-Folly:
    :podspec: "../node_modules/react-native/third-party-podspecs/RCT-Folly.podspec"
  RCTRequired:
    :path: "../node_modules/react-native/Libraries/RCTRequired"
  RCTTypeSafety:
    :path: "../node_modules/react-native/Libraries/TypeSafety"
  React:
    :path: "../node_modules/react-native/"
  React-bridging:
    :path: "../node_modules/react-native/ReactCommon"
  React-callinvoker:
    :path: "../node_modules/react-native/ReactCommon/callinvoker"
  React-Codegen:
    :path: build/generated/ios
  React-Core:
    :path: "../node_modules/react-native/"
  React-CoreModules:
    :path: "../node_modules/react-native/React/CoreModules"
  React-cxxreact:
    :path: "../node_modules/react-native/ReactCommon/cxxreact"
  React-jsi:
    :path: "../node_modules/react-native/ReactCommon/jsi"
  React-jsiexecutor:
    :path: "../node_modules/react-native/ReactCommon/jsiexecutor"
  React-jsinspector:
    :path: "../node_modules/react-native/ReactCommon/jsinspector"
  React-logger:
    :path: "../node_modules/react-native/ReactCommon/logger"
  react-native-geolocation:
    :path: "../node_modules/@react-native-community/geolocation"
  react-native-geolocation-service:
    :path: "../node_modules/react-native-geolocation-service"
  react-native-jitsi-meet:
    :path: "../node_modules/react-native-jitsi-meet"
  react-native-loader-kit:
    :path: "../node_modules/react-native-loader-kit"
  react-native-netinfo:
    :path: "../node_modules/@react-native-community/netinfo"
  react-native-pager-view:
    :path: "../node_modules/react-native-pager-view"
  react-native-razorpay:
    :path: "../node_modules/react-native-razorpay"
  react-native-safe-area-context:
    :path: "../node_modules/react-native-safe-area-context"
  react-native-simple-toast:
    :path: "../node_modules/react-native-simple-toast"
  react-native-video:
    :path: "../node_modules/react-native-video"
  react-native-webview:
    :path: "../node_modules/react-native-webview"
  React-perflogger:
    :path: "../node_modules/react-native/ReactCommon/reactperflogger"
  React-RCTActionSheet:
    :path: "../node_modules/react-native/Libraries/ActionSheetIOS"
  React-RCTAnimation:
    :path: "../node_modules/react-native/Libraries/NativeAnimation"
  React-RCTBlob:
    :path: "../node_modules/react-native/Libraries/Blob"
  React-RCTImage:
    :path: "../node_modules/react-native/Libraries/Image"
  React-RCTLinking:
    :path: "../node_modules/react-native/Libraries/LinkingIOS"
  React-RCTNetwork:
    :path: "../node_modules/react-native/Libraries/Network"
  React-RCTSettings:
    :path: "../node_modules/react-native/Libraries/Settings"
  React-RCTText:
    :path: "../node_modules/react-native/Libraries/Text"
  React-RCTVibration:
    :path: "../node_modules/react-native/Libraries/Vibration"
  React-runtimeexecutor:
    :path: "../node_modules/react-native/ReactCommon/runtimeexecutor"
  ReactCommon:
    :path: "../node_modules/react-native/ReactCommon"
  RNCAsyncStorage:
    :path: "../node_modules/@react-native-async-storage/async-storage"
  RNCCheckbox:
    :path: "../node_modules/@react-native-community/checkbox"
  RNCClipboard:
    :path: "../node_modules/@react-native-clipboard/clipboard"
  RNDateTimePicker:
    :path: "../node_modules/@react-native-community/datetimepicker"
  RNGestureHandler:
    :path: "../node_modules/react-native-gesture-handler"
  RNLocalize:
    :path: "../node_modules/react-native-localize"
  RNScreens:
    :path: "../node_modules/react-native-screens"
  RNSVG:
    :path: "../node_modules/react-native-svg"
  RNVectorIcons:
    :path: "../node_modules/react-native-vector-icons"
  stripe-react-native:
    :path: "../node_modules/@stripe/stripe-react-native"
  Yoga:
    :path: "../node_modules/react-native/ReactCommon/yoga"

SPEC CHECKSUMS:
  BEMCheckBox: 5ba6e37ade3d3657b36caecc35c8b75c6c2b1a4e
  boost: a7c83b31436843459a1961bfd74b96033dc77234
  BVLinearGradient: 34a999fda29036898a09c6a6b728b0b4189e1a44
  CocoaAsyncSocket: 065fd1e645c7abab64f7a6a2007a48038fdc6a99
  DoubleConversion: 5189b271737e1565bdce30deb4a08d647e3f5f54
  FBLazyVector: 6b7f5692909b4300d50e7359cdefbcd09dd30faa
  FBReactNativeSpec: affcf71d996f6b0c01f68883482588297b9d5e6e
  Flipper: 26fc4b7382499f1281eb8cb921e5c3ad6de91fe0
  Flipper-Boost-iOSX: fd1e2b8cbef7e662a122412d7ac5f5bea715403c
  Flipper-DoubleConversion: 2dc99b02f658daf147069aad9dbd29d8feb06d30
  Flipper-Fmt: 60cbdd92fc254826e61d669a5d87ef7015396a9b
  Flipper-Folly: 584845625005ff068a6ebf41f857f468decd26b3
  Flipper-Glog: 70c50ce58ddaf67dc35180db05f191692570f446
  Flipper-PeerTalk: 116d8f857dc6ef55c7a5a75ea3ceaafe878aadc9
  Flipper-RSocket: d9d9ade67cbecf6ac10730304bf5607266dd2541
  FlipperKit: cbdee19bdd4e7f05472a66ce290f1b729ba3cb86
  fmt: ff9d55029c625d3757ed641535fd4a75fedc7ce9
  Giphy: b6d5087521d251bb8c99cdc0eb07bbdf86d142d5
  glog: 3d02b25ca00c2d456734d0bcff864cbc62f6ae1a
  JitsiMeetSDK: 1e9ebbad89912e271b781be0dd72ef94b33d0c47
  JitsiWebRTC: 873becc5a3edd1adebe86303ee5d36aab4f7fcc3
  libevent: 4049cae6c81cdb3654a443be001fb9bdceff7913
  libwebp: f62cb61d0a484ba548448a4bd52aabf150ff6eef
  NVActivityIndicatorView: 1f6c5687f1171810aa27a3296814dc2d7dec3667
  OpenSSL-Universal: ebc357f1e6bc71fa463ccb2fe676756aff50e88c
  razorpay-pod: ebc78907f756ace307e3fa4270ff684ebb9e291b
  RCT-Folly: b9d9fe1fc70114b751c076104e52f3b1b5e5a95a
  RCTRequired: 54bff6aa61efd9598ab59d2a823c382b4fe13d27
  RCTTypeSafety: 47632bfa768df7befde08e339a9847e6cff6ff78
  React: 72a676de573cc5ee0e375e5535238af9a4bd435c
  React-bridging: 12b6677a30fbd46555a35aa6096331737a9af598
  React-callinvoker: bb574a923c2281d01be23ed3b5d405caa583f56d
  React-Codegen: a5e05592b65963a4a453808d2233a04edb7ac8cd
  React-Core: 138385d05068622b2b1873eee7dc5be9762f5383
  React-CoreModules: 3a9be624998677db102b19090b1c33c7564ead6d
  React-cxxreact: eb24a767b0b811259947f3d538e7c999467e7131
  React-jsi: 9c1cc1173fc8a24b094e01c54d8e3b567fed7edc
  React-jsiexecutor: a73bec0218ba959fc92f811b581ad6c2270c6b6f
  React-jsinspector: 8134ee22182b8dd98dc0973db6266c398103ce6c
  React-logger: 1e7ac909607ee65fd5c4d8bea8c6e644f66b8843
  react-native-geolocation: 3ed60c3d7f613c36b777b9fd0bc3453214e1b0d5
  react-native-geolocation-service: 608e1da71a1ac31b4de64d9ef2815f697978c55b
  react-native-jitsi-meet: 0afb3d421c28c931315be0c364d98176eb365bc5
  react-native-loader-kit: f19810146216fc4f229bce012174dd5a81aad259
  react-native-netinfo: 2517ad504b3d303e90d7a431b0fcaef76d207983
  react-native-pager-view: 54bed894cecebe28cede54c01038d9d1e122de43
  react-native-razorpay: 0272dd684bc9148828c54a72e05059e3e2e8b813
  react-native-safe-area-context: b6e0e284002381d2ff29fa4fff42b4d8282e3c94
  react-native-simple-toast: 8ee5d23f0b92b935ab7434cdb65159ce12dfb4b7
  react-native-video: c26780b224543c62d5e1b2a7244a5cd1b50e8253
  react-native-webview: 994b9f8fbb504d6314dc40d83f94f27c6831b3bf
  React-perflogger: 8e832d4e21fdfa613033c76d58d7e617341e804b
  React-RCTActionSheet: 9ca778182a9523991bff6381045885b6e808bb73
  React-RCTAnimation: 9ced26ad20b96e532ac791a8ab92a7b1ce2266b8
  React-RCTBlob: 2ca3402386d6ab8e9a9a39117305c7601ba2a7f8
  React-RCTImage: 7be51899367082a49e7a7560247ab3961e4dd248
  React-RCTLinking: 262229106f181d8187a5a041fa0dffe6e9726347
  React-RCTNetwork: 428b6f17bf4684ede387422eb789ca89365e33d3
  React-RCTSettings: eaef83489b80045528f1fe1ea5daefaa586ed763
  React-RCTText: d197cff9d5d7f68bdb88468d94617bbf2aa6a48d
  React-RCTVibration: 600a9f8b3537db360563d50fab3d040c262567d4
  React-runtimeexecutor: 65cd2782a57e1d59a68aa5d504edf94278578e41
  ReactCommon: 1e783348b9aa73ae68236271df972ba898560a95
  RNCAsyncStorage: 8616bd5a58af409453ea4e1b246521bb76578d60
  RNCCheckbox: 38989bbd3d7d536adf24ba26c6b3e6cefe0bea6f
  RNCClipboard: 2834e1c4af68697089cdd455ee4a4cdd198fa7dd
  RNDateTimePicker: 0530a73a6f3a1a85814cbde0802736993b9e675e
  RNGestureHandler: 62232ba8f562f7dea5ba1b3383494eb5bf97a4d3
  RNLocalize: 0df7970cfc60389f00eb62fd7c097dc75af3fb4f
  RNScreens: 34cc502acf1b916c582c60003dc3089fa01dc66d
  RNSVG: ce9d996113475209013317e48b05c21ee988d42e
  RNVectorIcons: fcc2f6cb32f5735b586e66d14103a74ce6ad61f8
  SocketRocket: fccef3f9c5cedea1353a9ef6ada904fde10d6608
  Stripe: a11f72e054b581f16064d5b735e33a056f197c34
  stripe-react-native: f8944c62d8d96287f35aa5e527adacc30d2f8560
  StripeApplePay: e6267e960bee142c5140137c79f36639d96be2d2
  StripeCore: e7a5ef22f15ca26f83a9d8f52e87c6767317a268
  StripeFinancialConnections: f4530a4feddc2c2fdd378fd767a161f0fddbb258
  StripePayments: e56a21a758f06cb6048aae711d60c135ac49eaf7
  StripePaymentSheet: 55451afab0ad85cc4cda9aec26a62a5a5694c029
  StripePaymentsUI: d3fa98cca974d6b29a331b7efe8c4803cdfe47de
  StripeUICore: b8514392b8d679a1be9739198e2df4168f34c8a7
  Toast: 91b396c56ee72a5790816f40d3a94dd357abc196
  Yoga: 0b84a956f7393ef1f37f3bb213c516184e4a689d
  YogaKit: f782866e155069a2cca2517aafea43200b01fd5a

PODFILE CHECKSUM: e2f9dd41643ed60a0cc4ea5c8a88c923c3d65f1c

COCOAPODS: 1.11.3
